
Microsoft Visual Studio Solution File, Format Version 12.00
# Visual Studio Version 16
VisualStudioVersion = 16.0.30907.101
MinimumVisualStudioVersion = 10.0.40219.1
Project("{9A19103F-16F7-4668-BE54-9A1E7A4F7556}") = "ResgateIO.Client", "ResgateIO.Client\ResgateIO.Client.csproj", "{AE31BA0D-D7C5-4D04-B7E9-DE291DC5F789}"
EndProject
Project("{FAE04EC0-301F-11D3-BF4B-00C04F79EFBC}") = "ResgateIO.Client.UnitTests", "ResgateIO.Client.UnitTests\ResgateIO.Client.UnitTests.csproj", "{0C2D1B67-9537-4B64-B3A4-42496665A2E3}"
EndProject
Global
	GlobalSection(SolutionConfigurationPlatforms) = preSolution
		Debug|Any CPU = Debug|Any CPU
		Release|Any CPU = Release|Any CPU
	EndGlobalSection
	GlobalSection(ProjectConfigurationPlatforms) = postSolution
		{AE31BA0D-D7C5-4D04-B7E9-DE291DC5F789}.Debug|Any CPU.ActiveCfg = Debug|Any CPU
		{AE31BA0D-D7C5-4D04-B7E9-DE291DC5F789}.Debug|Any CPU.Build.0 = Debug|Any CPU
		{AE31BA0D-D7C5-4D04-B7E9-DE291DC5F789}.Release|Any CPU.ActiveCfg = Release|Any CPU
		{AE31BA0D-D7C5-4D04-B7E9-DE291DC5F789}.Release|Any CPU.Build.0 = Release|Any CPU
		{0C2D1B67-9537-4B64-B3A4-42496665A2E3}.Debug|Any CPU.ActiveCfg = Debug|Any CPU
		{0C2D1B67-9537-4B64-B3A4-42496665A2E3}.Debug|Any CPU.Build.0 = Debug|Any CPU
		{0C2D1B67-9537-4B64-B3A4-42496665A2E3}.Release|Any CPU.ActiveCfg = Release|Any CPU
		{0C2D1B67-9537-4B64-B3A4-42496665A2E3}.Release|Any CPU.Build.0 = Release|Any CPU
	EndGlobalSection
	GlobalSection(SolutionProperties) = preSolution
		HideSolutionNode = FALSE
	EndGlobalSection
	GlobalSection(ExtensibilityGlobals) = postSolution
		SolutionGuid = {7AEF53D5-7BDA-413A-AD46-3B448F7BF245}
	EndGlobalSection
EndGlobal
